<?xml version="1.0" encoding="utf-8"?>
<Project ToolsVersion="4.0" xmlns="http://schemas.microsoft.com/developer/msbuild/2003">
  <ItemGroup>
    <Filter Include="Source Files">
      <UniqueIdentifier>{4FC737F1-C7A5-4376-A066-2A32D752A2FF}</UniqueIdentifier>
      <Extensions>cpp;c;cc;cxx;def;odl;idl;hpj;bat;asm;asmx</Extensions>
    </Filter>
    <Filter Include="Header Files">
      <UniqueIdentifier>{93995380-89BD-4b04-88EB-625FBE52EBFB}</UniqueIdentifier>
      <Extensions>h;hh;hpp;hxx;hm;inl;inc;xsd</Extensions>
    </Filter>
    <Filter Include="Misc Files">
      <UniqueIdentifier>{67DA6AB6-F800-4c08-8B7A-83BB121AAD01}</UniqueIdentifier>
      <Extensions>xml;json;txt;rc;ico;cur;bmp;dlg;rc2;rct;bin;rgs;gif;jpg;jpeg;jpe;resx;tiff;tif;png;wav;mfcribbon-ms</Extensions>
    </Filter>
    <Filter Include="Source Files\Task">
      <UniqueIdentifier>{a8f44634-0cc7-49ab-a44b-e25148439a2d}</UniqueIdentifier>
    </Filter>
    <Filter Include="Source Files\Moudules">
      <UniqueIdentifier>{3c4b86ec-54a4-4b1a-803e-f61f4158d42d}</UniqueIdentifier>
    </Filter>
    <Filter Include="Source Files\Framework">
      <UniqueIdentifier>{f47e5aee-0d36-45fb-9d86-180dfec34937}</UniqueIdentifier>
    </Filter>
    <Filter Include="Header Files\Framework">
      <UniqueIdentifier>{16823de1-1a51-4795-8e92-72867cc4d60c}</UniqueIdentifier>
    </Filter>
    <Filter Include="Header Files\Task">
      <UniqueIdentifier>{1faf988c-81d9-4b1c-9d01-fb3c79fc826c}</UniqueIdentifier>
    </Filter>
    <Filter Include="Header Files\Moudules">
      <UniqueIdentifier>{67eb01e2-4d1f-4b3c-a6f1-ef7de5b879ae}</UniqueIdentifier>
    </Filter>
  </ItemGroup>
  <ItemGroup>
    <None Include="ProjectCF.ino" />
  </ItemGroup>
  <ItemGroup>
    <ClInclude Include="__vm\.ProjectCF.vsarduino.h">
      <Filter>Header Files</Filter>
    </ClInclude>
    <ClInclude Include="IncludeList.h">
      <Filter>Header Files</Filter>
    </ClInclude>
    <ClInclude Include="Arm.h">
      <Filter>Header Files\Moudules</Filter>
    </ClInclude>
    <ClInclude Include="Mpu.h">
      <Filter>Header Files\Moudules</Filter>
    </ClInclude>
    <ClInclude Include="Distance.h">
      <Filter>Header Files\Moudules</Filter>
    </ClInclude>
    <ClInclude Include="Huidu.h">
      <Filter>Header Files\Moudules</Filter>
    </ClInclude>
    <ClInclude Include="Motor.h">
      <Filter>Header Files\Moudules</Filter>
    </ClInclude>
    <ClInclude Include="BlueTooth.h">
      <Filter>Header Files\Moudules</Filter>
    </ClInclude>
    <ClInclude Include="Manager.h">
      <Filter>Header Files\Framework</Filter>
    </ClInclude>
  </ItemGroup>
  <ItemGroup>
    <ClCompile Include="Huidu.cpp">
      <Filter>Source Files\Moudules</Filter>
    </ClCompile>
    <ClCompile Include="Moudule_WIFI.cpp">
      <Filter>Source Files\Moudules</Filter>
    </ClCompile>
    <ClCompile Include="Arm.cpp">
      <Filter>Source Files\Moudules</Filter>
    </ClCompile>
    <ClCompile Include="Mpu.cpp">
      <Filter>Source Files\Moudules</Filter>
    </ClCompile>
    <ClCompile Include="Motor.cpp">
      <Filter>Source Files\Moudules</Filter>
    </ClCompile>
    <ClCompile Include="Distance.cpp">
      <Filter>Source Files\Moudules</Filter>
    </ClCompile>
    <ClCompile Include="BlueTooth.cpp">
      <Filter>Source Files\Moudules</Filter>
    </ClCompile>
    <ClCompile Include="Manager.cpp">
      <Filter>Source Files\Framework</Filter>
    </ClCompile>
    <ClCompile Include="PIDTemplate.cpp">
      <Filter>Source Files\Framework</Filter>
    </ClCompile>
  </ItemGroup>
</Project>