<?xml version="1.0" encoding="utf-8"?>
<Project ToolsVersion="4.0" xmlns="http://schemas.microsoft.com/developer/msbuild/2003">
  <ItemGroup>
    <ClCompile Include="Arm.cpp" />
    <ClCompile Include="BlueTooth.cpp" />
    <ClCompile Include="CFSPI.cpp" />
    <ClCompile Include="Debugger.cpp" />
    <ClCompile Include="Distance.cpp" />
    <ClCompile Include="Huidu.cpp" />
    <ClCompile Include="GridHelper.cpp" />
    <ClCompile Include="Manager.cpp" />
    <ClCompile Include="MicroMove.cpp" />
    <ClCompile Include="Missions.cpp" />
    <ClCompile Include="Motor.cpp" />
    <ClCompile Include="Move.cpp" />
    <ClCompile Include="Mpu.cpp" />
    <ClCompile Include="Outer.cpp" />
    <ClCompile Include="Patrol_Line.cpp" />
    <ClCompile Include="PreContest.cpp" />
    <ClCompile Include="shadiao.cpp" />
    <ClCompile Include="Zigbee.cpp" />
  </ItemGroup>
  <ItemGroup>
    <ClInclude Include="Arm.h" />
    <ClInclude Include="BlueTooth.h" />
    <ClInclude Include="CFSPI.h" />
    <ClInclude Include="Debugger.h" />
    <ClInclude Include="Distance.h" />
    <ClInclude Include="Huidu.h" />
    <ClInclude Include="IncludeList.h" />
    <ClInclude Include="GridHelper.h" />
    <ClInclude Include="Manager.h" />
    <ClInclude Include="MicroMove.h" />
    <ClInclude Include="Missions.h" />
    <ClInclude Include="Motor.h" />
    <ClInclude Include="Move.h" />
    <ClInclude Include="Mpu.h" />
    <ClInclude Include="Outer.h" />
    <ClInclude Include="Patrol_Line.h" />
    <ClInclude Include="PreContest.h" />
    <ClInclude Include="Types.h" />
    <ClInclude Include="Zigbee.h" />
    <ClInclude Include="__vm\.ProjectCF.vsarduino.h" />
    <ClInclude Include="Definition.h" />
  </ItemGroup>
  <ItemGroup>
    <Image Include="578b654769b3399c40e113sddefff31a1.jpg" />
  </ItemGroup>
  <ItemGroup>
    <None Include="ProjectCF.ino" />
  </ItemGroup>
</Project>